{
  "sources": {
    "nodejs": {
      "path": "."
    },
    "yum": {
      "locked_version": "3.0.6"
    },
    "apt": {
      "locked_version": "1.7.0"
    },
    "build-essential": {
      "locked_version": "1.4.2"
    },
    "windows": {
      "locked_version": "1.30.1",
      "git": "git://github.com/daptiv/windows.git",
      "ref": "d13c4e49dda627691e978ca1beebad3411701adb"
    },
    "minitest-handler": {
      "locked_version": "0.1.3",
      "git": "git://github.com/daptiv/minitest-handler-cookbook.git",
      "ref": "e2e99b3866862b7e0348e74099af7b5954cff76b"
    },
    "chef_handler": {
      "locked_version": "1.1.4"
    }
  }
}
